
Microsoft Visual Studio Solution File, Format Version 12.00
# Visual Studio Version 17
VisualStudioVersion = 17.11.35327.3
MinimumVisualStudioVersion = 10.0.40219.1
Project("{FAE04EC0-301F-11D3-BF4B-00C04F79EFBC}") = "Ardelean_Sebastian_Laborator2", "Ardelean_Sebastian_Laborator2.csproj", "{4BCD5B69-CFB0-4A44-A96A-EF7A0640CBB2}"
EndProject
Global
	GlobalSection(SolutionConfigurationPlatforms) = preSolution
		Debug|Any CPU = Debug|Any CPU
		Release|Any CPU = Release|Any CPU
	EndGlobalSection
	GlobalSection(ProjectConfigurationPlatforms) = postSolution
		{4BCD5B69-CFB0-4A44-A96A-EF7A0640CBB2}.Debug|Any CPU.ActiveCfg = Debug|Any CPU
		{4BCD5B69-CFB0-4A44-A96A-EF7A0640CBB2}.Debug|Any CPU.Build.0 = Debug|Any CPU
		{4BCD5B69-CFB0-4A44-A96A-EF7A0640CBB2}.Release|Any CPU.ActiveCfg = Release|Any CPU
		{4BCD5B69-CFB0-4A44-A96A-EF7A0640CBB2}.Release|Any CPU.Build.0 = Release|Any CPU
	EndGlobalSection
	GlobalSection(SolutionProperties) = preSolution
		HideSolutionNode = FALSE
	EndGlobalSection
	GlobalSection(ExtensibilityGlobals) = postSolution
		SolutionGuid = {AC1FB371-2036-41F4-8A82-A95DFFCA8144}
	EndGlobalSection
EndGlobal
